// !$*UTF8*$!
{
	archiveVersion = 1;
	classes = {
	};
	objectVersion = 56;
	objects = {

/* Begin PBXBuildFile section */
		7DC05ED72AA39BEC00820802 /* AppDelegate.swift in Sources */ = {isa = PBXBuildFile; fileRef = 7DC05ED62AA39BEC00820802 /* AppDelegate.swift */; };
		7DC05ED92AA39BEC00820802 /* SceneDelegate.swift in Sources */ = {isa = PBXBuildFile; fileRef = 7DC05ED82AA39BEC00820802 /* SceneDelegate.swift */; };
		7DC05EEC2AA39D3B00820802 /* Assembly.swift in Sources */ = {isa = PBXBuildFile; fileRef = 7DC05EEB2AA39D3B00820802 /* Assembly.swift */; };
		7DC05EEE2AA39D9600820802 /* NavigatorFlow.swift in Sources */ = {isa = PBXBuildFile; fileRef = 7DC05EED2AA39D9600820802 /* NavigatorFlow.swift */; };
		7DC05EF12AA39DF800820802 /* ApiRequestController.swift in Sources */ = {isa = PBXBuildFile; fileRef = 7DC05EF02AA39DF800820802 /* ApiRequestController.swift */; };
		7DC05EF32AA39E1A00820802 /* NetworkController.swift in Sources */ = {isa = PBXBuildFile; fileRef = 7DC05EF22AA39E1A00820802 /* NetworkController.swift */; };
		7DC05EF52AA39E5D00820802 /* ItemManager.swift in Sources */ = {isa = PBXBuildFile; fileRef = 7DC05EF42AA39E5D00820802 /* ItemManager.swift */; };
		7DC05EF72AA39E9700820802 /* ImageManager.swift in Sources */ = {isa = PBXBuildFile; fileRef = 7DC05EF62AA39E9700820802 /* ImageManager.swift */; };
		7DC05EFA2AA39F0500820802 /* ItemData.swift in Sources */ = {isa = PBXBuildFile; fileRef = 7DC05EF92AA39F0500820802 /* ItemData.swift */; };
		7DC05EFC2AA39F5200820802 /* TextData.swift in Sources */ = {isa = PBXBuildFile; fileRef = 7DC05EFB2AA39F5200820802 /* TextData.swift */; };
		7DC05EFF2AA39FB700820802 /* ViewController.swift in Sources */ = {isa = PBXBuildFile; fileRef = 7DC05EFE2AA39FB700820802 /* ViewController.swift */; };
		7DC05F012AA39FE600820802 /* View.swift in Sources */ = {isa = PBXBuildFile; fileRef = 7DC05F002AA39FE600820802 /* View.swift */; };
		7DC05F032AA3A00E00820802 /* ItemList.swift in Sources */ = {isa = PBXBuildFile; fileRef = 7DC05F022AA3A00E00820802 /* ItemList.swift */; };
		7DC05F052AA3A04600820802 /* CollectionViewCell.swift in Sources */ = {isa = PBXBuildFile; fileRef = 7DC05F042AA3A04600820802 /* CollectionViewCell.swift */; };
		7DC05F072AA3A08C00820802 /* ItemViewList.swift in Sources */ = {isa = PBXBuildFile; fileRef = 7DC05F062AA3A08C00820802 /* ItemViewList.swift */; };
		7DC05F092AA3A0C800820802 /* ItemViewCell.swift in Sources */ = {isa = PBXBuildFile; fileRef = 7DC05F082AA3A0C800820802 /* ItemViewCell.swift */; };
		7DC05F0B2AA3A12D00820802 /* FormatDate.swift in Sources */ = {isa = PBXBuildFile; fileRef = 7DC05F0A2AA3A12D00820802 /* FormatDate.swift */; };
/* End PBXBuildFile section */

/* Begin PBXFileReference section */
		7DC05ED32AA39BEC00820802 /* AvitoTest.app */ = {isa = PBXFileReference; explicitFileType = wrapper.application; includeInIndex = 0; path = AvitoTest.app; sourceTree = BUILT_PRODUCTS_DIR; };
		7DC05ED62AA39BEC00820802 /* AppDelegate.swift */ = {isa = PBXFileReference; lastKnownFileType = sourcecode.swift; path = AppDelegate.swift; sourceTree = "<group>"; };
		7DC05ED82AA39BEC00820802 /* SceneDelegate.swift */ = {isa = PBXFileReference; lastKnownFileType = sourcecode.swift; path = SceneDelegate.swift; sourceTree = "<group>"; };
		7DC05EDF2AA39BED00820802 /* Assets.xcassets */ = {isa = PBXFileReference; lastKnownFileType = folder.assetcatalog; path = Assets.xcassets; sourceTree = "<group>"; };
		7DC05EE22AA39BED00820802 /* Base */ = {isa = PBXFileReference; lastKnownFileType = file.storyboard; name = Base; path = Base.lproj/LaunchScreen.storyboard; sourceTree = "<group>"; };
		7DC05EE42AA39BED00820802 /* Info.plist */ = {isa = PBXFileReference; lastKnownFileType = text.plist.xml; path = Info.plist; sourceTree = "<group>"; };
		7DC05EEB2AA39D3B00820802 /* Assembly.swift */ = {isa = PBXFileReference; lastKnownFileType = sourcecode.swift; path = Assembly.swift; sourceTree = "<group>"; };
		7DC05EED2AA39D9600820802 /* NavigatorFlow.swift */ = {isa = PBXFileReference; lastKnownFileType = sourcecode.swift; path = NavigatorFlow.swift; sourceTree = "<group>"; };
		7DC05EF02AA39DF800820802 /* ApiRequestController.swift */ = {isa = PBXFileReference; lastKnownFileType = sourcecode.swift; path = ApiRequestController.swift; sourceTree = "<group>"; };
		7DC05EF22AA39E1A00820802 /* NetworkController.swift */ = {isa = PBXFileReference; lastKnownFileType = sourcecode.swift; path = NetworkController.swift; sourceTree = "<group>"; };
		7DC05EF42AA39E5D00820802 /* ItemManager.swift */ = {isa = PBXFileReference; lastKnownFileType = sourcecode.swift; path = ItemManager.swift; sourceTree = "<group>"; };
		7DC05EF62AA39E9700820802 /* ImageManager.swift */ = {isa = PBXFileReference; lastKnownFileType = sourcecode.swift; path = ImageManager.swift; sourceTree = "<group>"; };
		7DC05EF92AA39F0500820802 /* ItemData.swift */ = {isa = PBXFileReference; lastKnownFileType = sourcecode.swift; path = ItemData.swift; sourceTree = "<group>"; };
		7DC05EFB2AA39F5200820802 /* TextData.swift */ = {isa = PBXFileReference; lastKnownFileType = sourcecode.swift; path = TextData.swift; sourceTree = "<group>"; };
		7DC05EFE2AA39FB700820802 /* ViewController.swift */ = {isa = PBXFileReference; lastKnownFileType = sourcecode.swift; path = ViewController.swift; sourceTree = "<group>"; };
		7DC05F002AA39FE600820802 /* View.swift */ = {isa = PBXFileReference; lastKnownFileType = sourcecode.swift; path = View.swift; sourceTree = "<group>"; };
		7DC05F022AA3A00E00820802 /* ItemList.swift */ = {isa = PBXFileReference; lastKnownFileType = sourcecode.swift; path = ItemList.swift; sourceTree = "<group>"; };
		7DC05F042AA3A04600820802 /* CollectionViewCell.swift */ = {isa = PBXFileReference; lastKnownFileType = sourcecode.swift; path = CollectionViewCell.swift; sourceTree = "<group>"; };
		7DC05F062AA3A08C00820802 /* ItemViewList.swift */ = {isa = PBXFileReference; lastKnownFileType = sourcecode.swift; path = ItemViewList.swift; sourceTree = "<group>"; };
		7DC05F082AA3A0C800820802 /* ItemViewCell.swift */ = {isa = PBXFileReference; lastKnownFileType = sourcecode.swift; path = ItemViewCell.swift; sourceTree = "<group>"; };
		7DC05F0A2AA3A12D00820802 /* FormatDate.swift */ = {isa = PBXFileReference; lastKnownFileType = sourcecode.swift; path = FormatDate.swift; sourceTree = "<group>"; };
/* End PBXFileReference section */

/* Begin PBXFrameworksBuildPhase section */
		7DC05ED02AA39BEC00820802 /* Frameworks */ = {
			isa = PBXFrameworksBuildPhase;
			buildActionMask = 2147483647;
			files = (
			);
			runOnlyForDeploymentPostprocessing = 0;
		};
/* End PBXFrameworksBuildPhase section */

/* Begin PBXGroup section */
		7DC05ECA2AA39BEC00820802 = {
			isa = PBXGroup;
			children = (
				7DC05ED52AA39BEC00820802 /* AvitoTest */,
				7DC05ED42AA39BEC00820802 /* Products */,
			);
			sourceTree = "<group>";
		};
		7DC05ED42AA39BEC00820802 /* Products */ = {
			isa = PBXGroup;
			children = (
				7DC05ED32AA39BEC00820802 /* AvitoTest.app */,
			);
			name = Products;
			sourceTree = "<group>";
		};
		7DC05ED52AA39BEC00820802 /* AvitoTest */ = {
			isa = PBXGroup;
			children = (
				7DC05EFD2AA39F7200820802 /* View */,
				7DC05EF82AA39EE100820802 /* Model */,
				7DC05EEF2AA39DCC00820802 /* Controller */,
				7DC05EEA2AA39CE600820802 /* Main */,
				7DC05EDF2AA39BED00820802 /* Assets.xcassets */,
				7DC05EE12AA39BED00820802 /* LaunchScreen.storyboard */,
				7DC05EE42AA39BED00820802 /* Info.plist */,
			);
			path = AvitoTest;
			sourceTree = "<group>";
		};
		7DC05EEA2AA39CE600820802 /* Main */ = {
			isa = PBXGroup;
			children = (
				7DC05ED62AA39BEC00820802 /* AppDelegate.swift */,
				7DC05ED82AA39BEC00820802 /* SceneDelegate.swift */,
				7DC05EEB2AA39D3B00820802 /* Assembly.swift */,
				7DC05EED2AA39D9600820802 /* NavigatorFlow.swift */,
			);
			path = Main;
			sourceTree = "<group>";
		};
		7DC05EEF2AA39DCC00820802 /* Controller */ = {
			isa = PBXGroup;
			children = (
				7DC05EF02AA39DF800820802 /* ApiRequestController.swift */,
				7DC05EF22AA39E1A00820802 /* NetworkController.swift */,
				7DC05EF42AA39E5D00820802 /* ItemManager.swift */,
				7DC05EF62AA39E9700820802 /* ImageManager.swift */,
			);
			path = Controller;
			sourceTree = "<group>";
		};
		7DC05EF82AA39EE100820802 /* Model */ = {
			isa = PBXGroup;
			children = (
				7DC05EF92AA39F0500820802 /* ItemData.swift */,
				7DC05EFB2AA39F5200820802 /* TextData.swift */,
				7DC05F0A2AA3A12D00820802 /* FormatDate.swift */,
			);
			path = Model;
			sourceTree = "<group>";
		};
		7DC05EFD2AA39F7200820802 /* View */ = {
			isa = PBXGroup;
			children = (
				7DC05EFE2AA39FB700820802 /* ViewController.swift */,
				7DC05F002AA39FE600820802 /* View.swift */,
				7DC05F022AA3A00E00820802 /* ItemList.swift */,
				7DC05F042AA3A04600820802 /* CollectionViewCell.swift */,
				7DC05F062AA3A08C00820802 /* ItemViewList.swift */,
				7DC05F082AA3A0C800820802 /* ItemViewCell.swift */,
			);
			path = View;
			sourceTree = "<group>";
		};
/* End PBXGroup section */

/* Begin PBXNativeTarget section */
		7DC05ED22AA39BEC00820802 /* AvitoTest */ = {
			isa = PBXNativeTarget;
			buildConfigurationList = 7DC05EE72AA39BED00820802 /* Build configuration list for PBXNativeTarget "AvitoTest" */;
			buildPhases = (
				7DC05ECF2AA39BEC00820802 /* Sources */,
				7DC05ED02AA39BEC00820802 /* Frameworks */,
			);
			buildRules = (
			);
			dependencies = (
			);
			name = AvitoTest;
			productName = AvitoTest;
			productReference = 7DC05ED32AA39BEC00820802 /* AvitoTest.app */;
			productType = "com.apple.product-type.application";
		};
/* End PBXNativeTarget section */

/* Begin PBXProject section */
		7DC05ECB2AA39BEC00820802 /* Project object */ = {
			isa = PBXProject;
			attributes = {
				BuildIndependentTargetsInParallel = 1;
				LastSwiftUpdateCheck = 1410;
				LastUpgradeCheck = 1410;
				TargetAttributes = {
					7DC05ED22AA39BEC00820802 = {
						CreatedOnToolsVersion = 14.1;
					};
				};
			};
			buildConfigurationList = 7DC05ECE2AA39BEC00820802 /* Build configuration list for PBXProject "AvitoTest" */;
			compatibilityVersion = "Xcode 14.0";
			developmentRegion = en;
			hasScannedForEncodings = 0;
			knownRegions = (
				en,
				Base,
			);
			mainGroup = 7DC05ECA2AA39BEC00820802;
			productRefGroup = 7DC05ED42AA39BEC00820802 /* Products */;
			projectDirPath = "";
			projectRoot = "";
			targets = (
				7DC05ED22AA39BEC00820802 /* AvitoTest */,
			);
		};
/* End PBXProject section */

/* Begin PBXSourcesBuildPhase section */
		7DC05ECF2AA39BEC00820802 /* Sources */ = {
			isa = PBXSourcesBuildPhase;
			buildActionMask = 2147483647;
			files = (
				7DC05F012AA39FE600820802 /* View.swift in Sources */,
				7DC05EEC2AA39D3B00820802 /* Assembly.swift in Sources */,
				7DC05F072AA3A08C00820802 /* ItemViewList.swift in Sources */,
				7DC05EF12AA39DF800820802 /* ApiRequestController.swift in Sources */,
				7DC05EF72AA39E9700820802 /* ImageManager.swift in Sources */,
				7DC05F052AA3A04600820802 /* CollectionViewCell.swift in Sources */,
				7DC05F092AA3A0C800820802 /* ItemViewCell.swift in Sources */,
				7DC05EFA2AA39F0500820802 /* ItemData.swift in Sources */,
				7DC05ED72AA39BEC00820802 /* AppDelegate.swift in Sources */,
				7DC05EFF2AA39FB700820802 /* ViewController.swift in Sources */,
				7DC05EFC2AA39F5200820802 /* TextData.swift in Sources */,
				7DC05EEE2AA39D9600820802 /* NavigatorFlow.swift in Sources */,
				7DC05F032AA3A00E00820802 /* ItemList.swift in Sources */,
				7DC05EF32AA39E1A00820802 /* NetworkController.swift in Sources */,
				7DC05EF52AA39E5D00820802 /* ItemManager.swift in Sources */,
				7DC05F0B2AA3A12D00820802 /* FormatDate.swift in Sources */,
				7DC05ED92AA39BEC00820802 /* SceneDelegate.swift in Sources */,
			);
			runOnlyForDeploymentPostprocessing = 0;
		};
/* End PBXSourcesBuildPhase section */

/* Begin PBXVariantGroup section */
		7DC05EE12AA39BED00820802 /* LaunchScreen.storyboard */ = {
			isa = PBXVariantGroup;
			children = (
				7DC05EE22AA39BED00820802 /* Base */,
			);
			name = LaunchScreen.storyboard;
			sourceTree = "<group>";
		};
/* End PBXVariantGroup section */

/* Begin XCBuildConfiguration section */
		7DC05EE52AA39BED00820802 /* Debug */ = {
			isa = XCBuildConfiguration;
			buildSettings = {
				ALWAYS_SEARCH_USER_PATHS = NO;
				CLANG_ANALYZER_NONNULL = YES;
				CLANG_ANALYZER_NUMBER_OBJECT_CONVERSION = YES_AGGRESSIVE;
				CLANG_CXX_LANGUAGE_STANDARD = "gnu++20";
				CLANG_ENABLE_MODULES = YES;
				CLANG_ENABLE_OBJC_ARC = YES;
				CLANG_ENABLE_OBJC_WEAK = YES;
				CLANG_WARN_BLOCK_CAPTURE_AUTORELEASING = YES;
				CLANG_WARN_BOOL_CONVERSION = YES;
				CLANG_WARN_COMMA = YES;
				CLANG_WARN_CONSTANT_CONVERSION = YES;
				CLANG_WARN_DEPRECATED_OBJC_IMPLEMENTATIONS = YES;
				CLANG_WARN_DIRECT_OBJC_ISA_USAGE = YES_ERROR;
				CLANG_WARN_DOCUMENTATION_COMMENTS = YES;
				CLANG_WARN_EMPTY_BODY = YES;
				CLANG_WARN_ENUM_CONVERSION = YES;
				CLANG_WARN_INFINITE_RECURSION = YES;
				CLANG_WARN_INT_CONVERSION = YES;
				CLANG_WARN_NON_LITERAL_NULL_CONVERSION = YES;
				CLANG_WARN_OBJC_IMPLICIT_RETAIN_SELF = YES;
				CLANG_WARN_OBJC_LITERAL_CONVERSION = YES;
				CLANG_WARN_OBJC_ROOT_CLASS = YES_ERROR;
				CLANG_WARN_QUOTED_INCLUDE_IN_FRAMEWORK_HEADER = YES;
				CLANG_WARN_RANGE_LOOP_ANALYSIS = YES;
				CLANG_WARN_STRICT_PROTOTYPES = YES;
				CLANG_WARN_SUSPICIOUS_MOVE = YES;
				CLANG_WARN_UNGUARDED_AVAILABILITY = YES_AGGRESSIVE;
				CLANG_WARN_UNREACHABLE_CODE = YES;
				CLANG_WARN__DUPLICATE_METHOD_MATCH = YES;
				COPY_PHASE_STRIP = NO;
				DEBUG_INFORMATION_FORMAT = dwarf;
				ENABLE_STRICT_OBJC_MSGSEND = YES;
				ENABLE_TESTABILITY = YES;
				GCC_C_LANGUAGE_STANDARD = gnu11;
				GCC_DYNAMIC_NO_PIC = NO;
				GCC_NO_COMMON_BLOCKS = YES;
				GCC_OPTIMIZATION_LEVEL = 0;
				GCC_PREPROCESSOR_DEFINITIONS = (
					"DEBUG=1",
					"$(inherited)",
				);
				GCC_WARN_64_TO_32_BIT_CONVERSION = YES;
				GCC_WARN_ABOUT_RETURN_TYPE = YES_ERROR;
				GCC_WARN_UNDECLARED_SELECTOR = YES;
				GCC_WARN_UNINITIALIZED_AUTOS = YES_AGGRESSIVE;
				GCC_WARN_UNUSED_FUNCTION = YES;
				GCC_WARN_UNUSED_VARIABLE = YES;
				IPHONEOS_DEPLOYMENT_TARGET = 16.1;
				MTL_ENABLE_DEBUG_INFO = INCLUDE_SOURCE;
				MTL_FAST_MATH = YES;
				ONLY_ACTIVE_ARCH = YES;
				SDKROOT = iphoneos;
				SWIFT_ACTIVE_COMPILATION_CONDITIONS = DEBUG;
				SWIFT_OPTIMIZATION_LEVEL = "-Onone";
			};
			name = Debug;
		};
		7DC05EE62AA39BED00820802 /* Release */ = {
			isa = XCBuildConfiguration;
			buildSettings = {
				ALWAYS_SEARCH_USER_PATHS = NO;
				CLANG_ANALYZER_NONNULL = YES;
				CLANG_ANALYZER_NUMBER_OBJECT_CONVERSION = YES_AGGRESSIVE;
				CLANG_CXX_LANGUAGE_STANDARD = "gnu++20";
				CLANG_ENABLE_MODULES = YES;
				CLANG_ENABLE_OBJC_ARC = YES;
				CLANG_ENABLE_OBJC_WEAK = YES;
				CLANG_WARN_BLOCK_CAPTURE_AUTORELEASING = YES;
				CLANG_WARN_BOOL_CONVERSION = YES;
				CLANG_WARN_COMMA = YES;
				CLANG_WARN_CONSTANT_CONVERSION = YES;
				CLANG_WARN_DEPRECATED_OBJC_IMPLEMENTATIONS = YES;
				CLANG_WARN_DIRECT_OBJC_ISA_USAGE = YES_ERROR;
				CLANG_WARN_DOCUMENTATION_COMMENTS = YES;
				CLANG_WARN_EMPTY_BODY = YES;
				CLANG_WARN_ENUM_CONVERSION = YES;
				CLANG_WARN_INFINITE_RECURSION = YES;
				CLANG_WARN_INT_CONVERSION = YES;
				CLANG_WARN_NON_LITERAL_NULL_CONVERSION = YES;
				CLANG_WARN_OBJC_IMPLICIT_RETAIN_SELF = YES;
				CLANG_WARN_OBJC_LITERAL_CONVERSION = YES;
				CLANG_WARN_OBJC_ROOT_CLASS = YES_ERROR;
				CLANG_WARN_QUOTED_INCLUDE_IN_FRAMEWORK_HEADER = YES;
				CLANG_WARN_RANGE_LOOP_ANALYSIS = YES;
				CLANG_WARN_STRICT_PROTOTYPES = YES;
				CLANG_WARN_SUSPICIOUS_MOVE = YES;
				CLANG_WARN_UNGUARDED_AVAILABILITY = YES_AGGRESSIVE;
				CLANG_WARN_UNREACHABLE_CODE = YES;
				CLANG_WARN__DUPLICATE_METHOD_MATCH = YES;
				COPY_PHASE_STRIP = NO;
				DEBUG_INFORMATION_FORMAT = "dwarf-with-dsym";
				ENABLE_NS_ASSERTIONS = NO;
				ENABLE_STRICT_OBJC_MSGSEND = YES;
				GCC_C_LANGUAGE_STANDARD = gnu11;
				GCC_NO_COMMON_BLOCKS = YES;
				GCC_WARN_64_TO_32_BIT_CONVERSION = YES;
				GCC_WARN_ABOUT_RETURN_TYPE = YES_ERROR;
				GCC_WARN_UNDECLARED_SELECTOR = YES;
				GCC_WARN_UNINITIALIZED_AUTOS = YES_AGGRESSIVE;
				GCC_WARN_UNUSED_FUNCTION = YES;
				GCC_WARN_UNUSED_VARIABLE = YES;
				IPHONEOS_DEPLOYMENT_TARGET = 16.1;
				MTL_ENABLE_DEBUG_INFO = NO;
				MTL_FAST_MATH = YES;
				SDKROOT = iphoneos;
				SWIFT_COMPILATION_MODE = wholemodule;
				SWIFT_OPTIMIZATION_LEVEL = "-O";
				VALIDATE_PRODUCT = YES;
			};
			name = Release;
		};
		7DC05EE82AA39BED00820802 /* Debug */ = {
			isa = XCBuildConfiguration;
			buildSettings = {
				ASSETCATALOG_COMPILER_APPICON_NAME = AppIcon;
				ASSETCATALOG_COMPILER_GLOBAL_ACCENT_COLOR_NAME = AccentColor;
				CODE_SIGN_STYLE = Automatic;
				CURRENT_PROJECT_VERSION = 1;
				GENERATE_INFOPLIST_FILE = YES;
				INFOPLIST_FILE = AvitoTest/Info.plist;
				INFOPLIST_KEY_UIApplicationSupportsIndirectInputEvents = YES;
				INFOPLIST_KEY_UILaunchStoryboardName = LaunchScreen;
				INFOPLIST_KEY_UISupportedInterfaceOrientations_iPad = "UIInterfaceOrientationPortrait UIInterfaceOrientationPortraitUpsideDown UIInterfaceOrientationLandscapeLeft UIInterfaceOrientationLandscapeRight";
				INFOPLIST_KEY_UISupportedInterfaceOrientations_iPhone = "UIInterfaceOrientationPortrait UIInterfaceOrientationLandscapeLeft UIInterfaceOrientationLandscapeRight";
				IPHONEOS_DEPLOYMENT_TARGET = 14.0;
				LD_RUNPATH_SEARCH_PATHS = (
					"$(inherited)",
					"@executable_path/Frameworks",
				);
				MARKETING_VERSION = 1.0;
				PRODUCT_BUNDLE_IDENTIFIER = antinlay.AvitoTest;
				PRODUCT_NAME = "$(TARGET_NAME)";
				SWIFT_EMIT_LOC_STRINGS = YES;
				SWIFT_VERSION = 5.0;
				TARGETED_DEVICE_FAMILY = "1,2";
			};
			name = Debug;
		};
		7DC05EE92AA39BED00820802 /* Release */ = {
			isa = XCBuildConfiguration;
			buildSettings = {
				ASSETCATALOG_COMPILER_APPICON_NAME = AppIcon;
				ASSETCATALOG_COMPILER_GLOBAL_ACCENT_COLOR_NAME = AccentColor;
				CODE_SIGN_STYLE = Automatic;
				CURRENT_PROJECT_VERSION = 1;
				GENERATE_INFOPLIST_FILE = YES;
				INFOPLIST_FILE = AvitoTest/Info.plist;
				INFOPLIST_KEY_UIApplicationSupportsIndirectInputEvents = YES;
				INFOPLIST_KEY_UILaunchStoryboardName = LaunchScreen;
				INFOPLIST_KEY_UISupportedInterfaceOrientations_iPad = "UIInterfaceOrientationPortrait UIInterfaceOrientationPortraitUpsideDown UIInterfaceOrientationLandscapeLeft UIInterfaceOrientationLandscapeRight";
				INFOPLIST_KEY_UISupportedInterfaceOrientations_iPhone = "UIInterfaceOrientationPortrait UIInterfaceOrientationLandscapeLeft UIInterfaceOrientationLandscapeRight";
				IPHONEOS_DEPLOYMENT_TARGET = 14.0;
				LD_RUNPATH_SEARCH_PATHS = (
					"$(inherited)",
					"@executable_path/Frameworks",
				);
				MARKETING_VERSION = 1.0;
				PRODUCT_BUNDLE_IDENTIFIER = antinlay.AvitoTest;
				PRODUCT_NAME = "$(TARGET_NAME)";
				SWIFT_EMIT_LOC_STRINGS = YES;
				SWIFT_VERSION = 5.0;
				TARGETED_DEVICE_FAMILY = "1,2";
			};
			name = Release;
		};
/* End XCBuildConfiguration section */

/* Begin XCConfigurationList section */
		7DC05ECE2AA39BEC00820802 /* Build configuration list for PBXProject "AvitoTest" */ = {
			isa = XCConfigurationList;
			buildConfigurations = (
				7DC05EE52AA39BED00820802 /* Debug */,
				7DC05EE62AA39BED00820802 /* Release */,
			);
			defaultConfigurationIsVisible = 0;
			defaultConfigurationName = Release;
		};
		7DC05EE72AA39BED00820802 /* Build configuration list for PBXNativeTarget "AvitoTest" */ = {
			isa = XCConfigurationList;
			buildConfigurations = (
				7DC05EE82AA39BED00820802 /* Debug */,
				7DC05EE92AA39BED00820802 /* Release */,
			);
			defaultConfigurationIsVisible = 0;
			defaultConfigurationName = Release;
		};
/* End XCConfigurationList section */
	};
	rootObject = 7DC05ECB2AA39BEC00820802 /* Project object */;
}
