// !$*UTF8*$!
{
	archiveVersion = 1;
	classes = {
	};
	objectVersion = 56;
	objects = {

/* Begin PBXBuildFile section */
		7DC05E6C2AA2311300820802 /* AppDelegate.swift in Sources */ = {isa = PBXBuildFile; fileRef = 7DC05E6B2AA2311300820802 /* AppDelegate.swift */; };
		7DC05E6E2AA2311300820802 /* SceneDelegate.swift in Sources */ = {isa = PBXBuildFile; fileRef = 7DC05E6D2AA2311300820802 /* SceneDelegate.swift */; };
		7DC05E702AA2311300820802 /* ViewController.swift in Sources */ = {isa = PBXBuildFile; fileRef = 7DC05E6F2AA2311300820802 /* ViewController.swift */; };
		7DC05E752AA2311500820802 /* Assets.xcassets in Resources */ = {isa = PBXBuildFile; fileRef = 7DC05E742AA2311500820802 /* Assets.xcassets */; };
		7DC05E802AA2463E00820802 /* Assambly.swift in Sources */ = {isa = PBXBuildFile; fileRef = 7DC05E7F2AA2463E00820802 /* Assambly.swift */; };
		7DC05E852AA2497A00820802 /* ApiRequestManager.swift in Sources */ = {isa = PBXBuildFile; fileRef = 7DC05E842AA2497A00820802 /* ApiRequestManager.swift */; };
		7DC05E872AA24C9200820802 /* NetworkManager.swift in Sources */ = {isa = PBXBuildFile; fileRef = 7DC05E862AA24C9200820802 /* NetworkManager.swift */; };
		7DC05E892AA2548400820802 /* ItemManager.swift in Sources */ = {isa = PBXBuildFile; fileRef = 7DC05E882AA2548400820802 /* ItemManager.swift */; };
		7DC05E8C2AA33C3300820802 /* ItemData.swift in Sources */ = {isa = PBXBuildFile; fileRef = 7DC05E8B2AA33C3300820802 /* ItemData.swift */; };
		7DC05E902AA35C2B00820802 /* ImageManager.swift in Sources */ = {isa = PBXBuildFile; fileRef = 7DC05E8F2AA35C2B00820802 /* ImageManager.swift */; };
		7DC05E962AA3652B00820802 /* NavigationFlow.swift in Sources */ = {isa = PBXBuildFile; fileRef = 7DC05E952AA3652B00820802 /* NavigationFlow.swift */; };
		7DC05E992AA3671900820802 /* ItemCollectionViewCell.swift in Sources */ = {isa = PBXBuildFile; fileRef = 7DC05E982AA3671900820802 /* ItemCollectionViewCell.swift */; };
		7DC05E9B2AA3686200820802 /* ItemCollectionViewCellPresenter.swift in Sources */ = {isa = PBXBuildFile; fileRef = 7DC05E9A2AA3686200820802 /* ItemCollectionViewCellPresenter.swift */; };
		7DC05E9D2AA36EC500820802 /* ItemListViewController.swift in Sources */ = {isa = PBXBuildFile; fileRef = 7DC05E9C2AA36EC500820802 /* ItemListViewController.swift */; };
		7DC05E9F2AA3714300820802 /* TextData.swift in Sources */ = {isa = PBXBuildFile; fileRef = 7DC05E9E2AA3714300820802 /* TextData.swift */; };
		7DC05EA12AA3723C00820802 /* ItemListPresenter.swift in Sources */ = {isa = PBXBuildFile; fileRef = 7DC05EA02AA3723C00820802 /* ItemListPresenter.swift */; };
/* End PBXBuildFile section */

/* Begin PBXFileReference section */
		7DC05E682AA2311300820802 /* AvitoTest.app */ = {isa = PBXFileReference; explicitFileType = wrapper.application; includeInIndex = 0; path = AvitoTest.app; sourceTree = BUILT_PRODUCTS_DIR; };
		7DC05E6B2AA2311300820802 /* AppDelegate.swift */ = {isa = PBXFileReference; lastKnownFileType = sourcecode.swift; path = AppDelegate.swift; sourceTree = "<group>"; };
		7DC05E6D2AA2311300820802 /* SceneDelegate.swift */ = {isa = PBXFileReference; lastKnownFileType = sourcecode.swift; path = SceneDelegate.swift; sourceTree = "<group>"; };
		7DC05E6F2AA2311300820802 /* ViewController.swift */ = {isa = PBXFileReference; lastKnownFileType = sourcecode.swift; path = ViewController.swift; sourceTree = "<group>"; };
		7DC05E742AA2311500820802 /* Assets.xcassets */ = {isa = PBXFileReference; lastKnownFileType = folder.assetcatalog; path = Assets.xcassets; sourceTree = "<group>"; };
		7DC05E792AA2311500820802 /* Info.plist */ = {isa = PBXFileReference; lastKnownFileType = text.plist.xml; path = Info.plist; sourceTree = "<group>"; };
		7DC05E7F2AA2463E00820802 /* Assambly.swift */ = {isa = PBXFileReference; lastKnownFileType = sourcecode.swift; path = Assambly.swift; sourceTree = "<group>"; };
		7DC05E842AA2497A00820802 /* ApiRequestManager.swift */ = {isa = PBXFileReference; lastKnownFileType = sourcecode.swift; path = ApiRequestManager.swift; sourceTree = "<group>"; };
		7DC05E862AA24C9200820802 /* NetworkManager.swift */ = {isa = PBXFileReference; lastKnownFileType = sourcecode.swift; path = NetworkManager.swift; sourceTree = "<group>"; };
		7DC05E882AA2548400820802 /* ItemManager.swift */ = {isa = PBXFileReference; lastKnownFileType = sourcecode.swift; path = ItemManager.swift; sourceTree = "<group>"; };
		7DC05E8B2AA33C3300820802 /* ItemData.swift */ = {isa = PBXFileReference; lastKnownFileType = sourcecode.swift; path = ItemData.swift; sourceTree = "<group>"; };
		7DC05E8F2AA35C2B00820802 /* ImageManager.swift */ = {isa = PBXFileReference; lastKnownFileType = sourcecode.swift; path = ImageManager.swift; sourceTree = "<group>"; };
		7DC05E952AA3652B00820802 /* NavigationFlow.swift */ = {isa = PBXFileReference; lastKnownFileType = sourcecode.swift; path = NavigationFlow.swift; sourceTree = "<group>"; };
		7DC05E982AA3671900820802 /* ItemCollectionViewCell.swift */ = {isa = PBXFileReference; lastKnownFileType = sourcecode.swift; path = ItemCollectionViewCell.swift; sourceTree = "<group>"; };
		7DC05E9A2AA3686200820802 /* ItemCollectionViewCellPresenter.swift */ = {isa = PBXFileReference; lastKnownFileType = sourcecode.swift; path = ItemCollectionViewCellPresenter.swift; sourceTree = "<group>"; };
		7DC05E9C2AA36EC500820802 /* ItemListViewController.swift */ = {isa = PBXFileReference; lastKnownFileType = sourcecode.swift; path = ItemListViewController.swift; sourceTree = "<group>"; };
		7DC05E9E2AA3714300820802 /* TextData.swift */ = {isa = PBXFileReference; lastKnownFileType = sourcecode.swift; path = TextData.swift; sourceTree = "<group>"; };
		7DC05EA02AA3723C00820802 /* ItemListPresenter.swift */ = {isa = PBXFileReference; lastKnownFileType = sourcecode.swift; path = ItemListPresenter.swift; sourceTree = "<group>"; };
/* End PBXFileReference section */

/* Begin PBXFrameworksBuildPhase section */
		7DC05E652AA2311300820802 /* Frameworks */ = {
			isa = PBXFrameworksBuildPhase;
			buildActionMask = 2147483647;
			files = (
			);
			runOnlyForDeploymentPostprocessing = 0;
		};
/* End PBXFrameworksBuildPhase section */

/* Begin PBXGroup section */
		7DC05E5F2AA2311300820802 = {
			isa = PBXGroup;
			children = (
				7DC05E832AA2493E00820802 /* Service */,
				7DC05E6A2AA2311300820802 /* AvitoTest */,
				7DC05E692AA2311300820802 /* Products */,
			);
			sourceTree = "<group>";
		};
		7DC05E692AA2311300820802 /* Products */ = {
			isa = PBXGroup;
			children = (
				7DC05E682AA2311300820802 /* AvitoTest.app */,
			);
			name = Products;
			sourceTree = "<group>";
		};
		7DC05E6A2AA2311300820802 /* AvitoTest */ = {
			isa = PBXGroup;
			children = (
				7DC05E6B2AA2311300820802 /* AppDelegate.swift */,
				7DC05E6D2AA2311300820802 /* SceneDelegate.swift */,
				7DC05E6F2AA2311300820802 /* ViewController.swift */,
				7DC05E742AA2311500820802 /* Assets.xcassets */,
				7DC05E792AA2311500820802 /* Info.plist */,
				7DC05E7F2AA2463E00820802 /* Assambly.swift */,
				7DC05E952AA3652B00820802 /* NavigationFlow.swift */,
			);
			path = AvitoTest;
			sourceTree = "<group>";
		};
		7DC05E832AA2493E00820802 /* Service */ = {
			isa = PBXGroup;
			children = (
				7DC05E972AA3667A00820802 /* View */,
				7DC05E8A2AA33C1200820802 /* Model */,
				7DC05E842AA2497A00820802 /* ApiRequestManager.swift */,
				7DC05E862AA24C9200820802 /* NetworkManager.swift */,
				7DC05E882AA2548400820802 /* ItemManager.swift */,
				7DC05E8F2AA35C2B00820802 /* ImageManager.swift */,
			);
			path = Service;
			sourceTree = "<group>";
		};
		7DC05E8A2AA33C1200820802 /* Model */ = {
			isa = PBXGroup;
			children = (
				7DC05E8B2AA33C3300820802 /* ItemData.swift */,
				7DC05E9E2AA3714300820802 /* TextData.swift */,
			);
			path = Model;
			sourceTree = "<group>";
		};
		7DC05E972AA3667A00820802 /* View */ = {
			isa = PBXGroup;
			children = (
				7DC05E982AA3671900820802 /* ItemCollectionViewCell.swift */,
				7DC05E9A2AA3686200820802 /* ItemCollectionViewCellPresenter.swift */,
				7DC05E9C2AA36EC500820802 /* ItemListViewController.swift */,
				7DC05EA02AA3723C00820802 /* ItemListPresenter.swift */,
			);
			path = View;
			sourceTree = "<group>";
		};
/* End PBXGroup section */

/* Begin PBXNativeTarget section */
		7DC05E672AA2311300820802 /* AvitoTest */ = {
			isa = PBXNativeTarget;
			buildConfigurationList = 7DC05E7C2AA2311500820802 /* Build configuration list for PBXNativeTarget "AvitoTest" */;
			buildPhases = (
				7DC05E642AA2311300820802 /* Sources */,
				7DC05E652AA2311300820802 /* Frameworks */,
				7DC05E662AA2311300820802 /* Resources */,
			);
			buildRules = (
			);
			dependencies = (
			);
			name = AvitoTest;
			productName = AvitoTest;
			productReference = 7DC05E682AA2311300820802 /* AvitoTest.app */;
			productType = "com.apple.product-type.application";
		};
/* End PBXNativeTarget section */

/* Begin PBXProject section */
		7DC05E602AA2311300820802 /* Project object */ = {
			isa = PBXProject;
			attributes = {
				BuildIndependentTargetsInParallel = 1;
				LastSwiftUpdateCheck = 1410;
				LastUpgradeCheck = 1410;
				TargetAttributes = {
					7DC05E672AA2311300820802 = {
						CreatedOnToolsVersion = 14.1;
					};
				};
			};
			buildConfigurationList = 7DC05E632AA2311300820802 /* Build configuration list for PBXProject "AvitoTest" */;
			compatibilityVersion = "Xcode 14.0";
			developmentRegion = en;
			hasScannedForEncodings = 0;
			knownRegions = (
				en,
				Base,
			);
			mainGroup = 7DC05E5F2AA2311300820802;
			productRefGroup = 7DC05E692AA2311300820802 /* Products */;
			projectDirPath = "";
			projectRoot = "";
			targets = (
				7DC05E672AA2311300820802 /* AvitoTest */,
			);
		};
/* End PBXProject section */

/* Begin PBXResourcesBuildPhase section */
		7DC05E662AA2311300820802 /* Resources */ = {
			isa = PBXResourcesBuildPhase;
			buildActionMask = 2147483647;
			files = (
				7DC05E752AA2311500820802 /* Assets.xcassets in Resources */,
			);
			runOnlyForDeploymentPostprocessing = 0;
		};
/* End PBXResourcesBuildPhase section */

/* Begin PBXSourcesBuildPhase section */
		7DC05E642AA2311300820802 /* Sources */ = {
			isa = PBXSourcesBuildPhase;
			buildActionMask = 2147483647;
			files = (
				7DC05E872AA24C9200820802 /* NetworkManager.swift in Sources */,
				7DC05EA12AA3723C00820802 /* ItemListPresenter.swift in Sources */,
				7DC05E992AA3671900820802 /* ItemCollectionViewCell.swift in Sources */,
				7DC05E962AA3652B00820802 /* NavigationFlow.swift in Sources */,
				7DC05E702AA2311300820802 /* ViewController.swift in Sources */,
				7DC05E8C2AA33C3300820802 /* ItemData.swift in Sources */,
				7DC05E902AA35C2B00820802 /* ImageManager.swift in Sources */,
				7DC05E9F2AA3714300820802 /* TextData.swift in Sources */,
				7DC05E892AA2548400820802 /* ItemManager.swift in Sources */,
				7DC05E802AA2463E00820802 /* Assambly.swift in Sources */,
				7DC05E9D2AA36EC500820802 /* ItemListViewController.swift in Sources */,
				7DC05E852AA2497A00820802 /* ApiRequestManager.swift in Sources */,
				7DC05E6C2AA2311300820802 /* AppDelegate.swift in Sources */,
				7DC05E9B2AA3686200820802 /* ItemCollectionViewCellPresenter.swift in Sources */,
				7DC05E6E2AA2311300820802 /* SceneDelegate.swift in Sources */,
			);
			runOnlyForDeploymentPostprocessing = 0;
		};
/* End PBXSourcesBuildPhase section */

/* Begin XCBuildConfiguration section */
		7DC05E7A2AA2311500820802 /* Debug */ = {
			isa = XCBuildConfiguration;
			buildSettings = {
				ALWAYS_SEARCH_USER_PATHS = NO;
				CLANG_ANALYZER_NONNULL = YES;
				CLANG_ANALYZER_NUMBER_OBJECT_CONVERSION = YES_AGGRESSIVE;
				CLANG_CXX_LANGUAGE_STANDARD = "gnu++20";
				CLANG_ENABLE_MODULES = YES;
				CLANG_ENABLE_OBJC_ARC = YES;
				CLANG_ENABLE_OBJC_WEAK = YES;
				CLANG_WARN_BLOCK_CAPTURE_AUTORELEASING = YES;
				CLANG_WARN_BOOL_CONVERSION = YES;
				CLANG_WARN_COMMA = YES;
				CLANG_WARN_CONSTANT_CONVERSION = YES;
				CLANG_WARN_DEPRECATED_OBJC_IMPLEMENTATIONS = YES;
				CLANG_WARN_DIRECT_OBJC_ISA_USAGE = YES_ERROR;
				CLANG_WARN_DOCUMENTATION_COMMENTS = YES;
				CLANG_WARN_EMPTY_BODY = YES;
				CLANG_WARN_ENUM_CONVERSION = YES;
				CLANG_WARN_INFINITE_RECURSION = YES;
				CLANG_WARN_INT_CONVERSION = YES;
				CLANG_WARN_NON_LITERAL_NULL_CONVERSION = YES;
				CLANG_WARN_OBJC_IMPLICIT_RETAIN_SELF = YES;
				CLANG_WARN_OBJC_LITERAL_CONVERSION = YES;
				CLANG_WARN_OBJC_ROOT_CLASS = YES_ERROR;
				CLANG_WARN_QUOTED_INCLUDE_IN_FRAMEWORK_HEADER = YES;
				CLANG_WARN_RANGE_LOOP_ANALYSIS = YES;
				CLANG_WARN_STRICT_PROTOTYPES = YES;
				CLANG_WARN_SUSPICIOUS_MOVE = YES;
				CLANG_WARN_UNGUARDED_AVAILABILITY = YES_AGGRESSIVE;
				CLANG_WARN_UNREACHABLE_CODE = YES;
				CLANG_WARN__DUPLICATE_METHOD_MATCH = YES;
				COPY_PHASE_STRIP = NO;
				DEBUG_INFORMATION_FORMAT = dwarf;
				ENABLE_STRICT_OBJC_MSGSEND = YES;
				ENABLE_TESTABILITY = YES;
				GCC_C_LANGUAGE_STANDARD = gnu11;
				GCC_DYNAMIC_NO_PIC = NO;
				GCC_NO_COMMON_BLOCKS = YES;
				GCC_OPTIMIZATION_LEVEL = 0;
				GCC_PREPROCESSOR_DEFINITIONS = (
					"DEBUG=1",
					"$(inherited)",
				);
				GCC_WARN_64_TO_32_BIT_CONVERSION = YES;
				GCC_WARN_ABOUT_RETURN_TYPE = YES_ERROR;
				GCC_WARN_UNDECLARED_SELECTOR = YES;
				GCC_WARN_UNINITIALIZED_AUTOS = YES_AGGRESSIVE;
				GCC_WARN_UNUSED_FUNCTION = YES;
				GCC_WARN_UNUSED_VARIABLE = YES;
				IPHONEOS_DEPLOYMENT_TARGET = 16.1;
				MTL_ENABLE_DEBUG_INFO = INCLUDE_SOURCE;
				MTL_FAST_MATH = YES;
				ONLY_ACTIVE_ARCH = YES;
				SDKROOT = iphoneos;
				SWIFT_ACTIVE_COMPILATION_CONDITIONS = DEBUG;
				SWIFT_OPTIMIZATION_LEVEL = "-Onone";
			};
			name = Debug;
		};
		7DC05E7B2AA2311500820802 /* Release */ = {
			isa = XCBuildConfiguration;
			buildSettings = {
				ALWAYS_SEARCH_USER_PATHS = NO;
				CLANG_ANALYZER_NONNULL = YES;
				CLANG_ANALYZER_NUMBER_OBJECT_CONVERSION = YES_AGGRESSIVE;
				CLANG_CXX_LANGUAGE_STANDARD = "gnu++20";
				CLANG_ENABLE_MODULES = YES;
				CLANG_ENABLE_OBJC_ARC = YES;
				CLANG_ENABLE_OBJC_WEAK = YES;
				CLANG_WARN_BLOCK_CAPTURE_AUTORELEASING = YES;
				CLANG_WARN_BOOL_CONVERSION = YES;
				CLANG_WARN_COMMA = YES;
				CLANG_WARN_CONSTANT_CONVERSION = YES;
				CLANG_WARN_DEPRECATED_OBJC_IMPLEMENTATIONS = YES;
				CLANG_WARN_DIRECT_OBJC_ISA_USAGE = YES_ERROR;
				CLANG_WARN_DOCUMENTATION_COMMENTS = YES;
				CLANG_WARN_EMPTY_BODY = YES;
				CLANG_WARN_ENUM_CONVERSION = YES;
				CLANG_WARN_INFINITE_RECURSION = YES;
				CLANG_WARN_INT_CONVERSION = YES;
				CLANG_WARN_NON_LITERAL_NULL_CONVERSION = YES;
				CLANG_WARN_OBJC_IMPLICIT_RETAIN_SELF = YES;
				CLANG_WARN_OBJC_LITERAL_CONVERSION = YES;
				CLANG_WARN_OBJC_ROOT_CLASS = YES_ERROR;
				CLANG_WARN_QUOTED_INCLUDE_IN_FRAMEWORK_HEADER = YES;
				CLANG_WARN_RANGE_LOOP_ANALYSIS = YES;
				CLANG_WARN_STRICT_PROTOTYPES = YES;
				CLANG_WARN_SUSPICIOUS_MOVE = YES;
				CLANG_WARN_UNGUARDED_AVAILABILITY = YES_AGGRESSIVE;
				CLANG_WARN_UNREACHABLE_CODE = YES;
				CLANG_WARN__DUPLICATE_METHOD_MATCH = YES;
				COPY_PHASE_STRIP = NO;
				DEBUG_INFORMATION_FORMAT = "dwarf-with-dsym";
				ENABLE_NS_ASSERTIONS = NO;
				ENABLE_STRICT_OBJC_MSGSEND = YES;
				GCC_C_LANGUAGE_STANDARD = gnu11;
				GCC_NO_COMMON_BLOCKS = YES;
				GCC_WARN_64_TO_32_BIT_CONVERSION = YES;
				GCC_WARN_ABOUT_RETURN_TYPE = YES_ERROR;
				GCC_WARN_UNDECLARED_SELECTOR = YES;
				GCC_WARN_UNINITIALIZED_AUTOS = YES_AGGRESSIVE;
				GCC_WARN_UNUSED_FUNCTION = YES;
				GCC_WARN_UNUSED_VARIABLE = YES;
				IPHONEOS_DEPLOYMENT_TARGET = 16.1;
				MTL_ENABLE_DEBUG_INFO = NO;
				MTL_FAST_MATH = YES;
				SDKROOT = iphoneos;
				SWIFT_COMPILATION_MODE = wholemodule;
				SWIFT_OPTIMIZATION_LEVEL = "-O";
				VALIDATE_PRODUCT = YES;
			};
			name = Release;
		};
		7DC05E7D2AA2311500820802 /* Debug */ = {
			isa = XCBuildConfiguration;
			buildSettings = {
				ASSETCATALOG_COMPILER_APPICON_NAME = AppIcon;
				ASSETCATALOG_COMPILER_GLOBAL_ACCENT_COLOR_NAME = AccentColor;
				CODE_SIGN_STYLE = Automatic;
				CURRENT_PROJECT_VERSION = 1;
				GENERATE_INFOPLIST_FILE = YES;
				INFOPLIST_FILE = AvitoTest/Info.plist;
				INFOPLIST_KEY_UIApplicationSupportsIndirectInputEvents = YES;
				INFOPLIST_KEY_UILaunchStoryboardName = "";
				INFOPLIST_KEY_UIMainStoryboardFile = "";
				INFOPLIST_KEY_UISupportedInterfaceOrientations_iPad = "UIInterfaceOrientationPortrait UIInterfaceOrientationPortraitUpsideDown UIInterfaceOrientationLandscapeLeft UIInterfaceOrientationLandscapeRight";
				INFOPLIST_KEY_UISupportedInterfaceOrientations_iPhone = "UIInterfaceOrientationPortrait UIInterfaceOrientationLandscapeLeft UIInterfaceOrientationLandscapeRight";
				LD_RUNPATH_SEARCH_PATHS = (
					"$(inherited)",
					"@executable_path/Frameworks",
				);
				MARKETING_VERSION = 1.0;
				PRODUCT_BUNDLE_IDENTIFIER = antinlay.AvitoTest;
				PRODUCT_NAME = "$(TARGET_NAME)";
				SWIFT_EMIT_LOC_STRINGS = YES;
				SWIFT_VERSION = 5.0;
				TARGETED_DEVICE_FAMILY = "1,2";
			};
			name = Debug;
		};
		7DC05E7E2AA2311500820802 /* Release */ = {
			isa = XCBuildConfiguration;
			buildSettings = {
				ASSETCATALOG_COMPILER_APPICON_NAME = AppIcon;
				ASSETCATALOG_COMPILER_GLOBAL_ACCENT_COLOR_NAME = AccentColor;
				CODE_SIGN_STYLE = Automatic;
				CURRENT_PROJECT_VERSION = 1;
				GENERATE_INFOPLIST_FILE = YES;
				INFOPLIST_FILE = AvitoTest/Info.plist;
				INFOPLIST_KEY_UIApplicationSupportsIndirectInputEvents = YES;
				INFOPLIST_KEY_UILaunchStoryboardName = "";
				INFOPLIST_KEY_UIMainStoryboardFile = "";
				INFOPLIST_KEY_UISupportedInterfaceOrientations_iPad = "UIInterfaceOrientationPortrait UIInterfaceOrientationPortraitUpsideDown UIInterfaceOrientationLandscapeLeft UIInterfaceOrientationLandscapeRight";
				INFOPLIST_KEY_UISupportedInterfaceOrientations_iPhone = "UIInterfaceOrientationPortrait UIInterfaceOrientationLandscapeLeft UIInterfaceOrientationLandscapeRight";
				LD_RUNPATH_SEARCH_PATHS = (
					"$(inherited)",
					"@executable_path/Frameworks",
				);
				MARKETING_VERSION = 1.0;
				PRODUCT_BUNDLE_IDENTIFIER = antinlay.AvitoTest;
				PRODUCT_NAME = "$(TARGET_NAME)";
				SWIFT_EMIT_LOC_STRINGS = YES;
				SWIFT_VERSION = 5.0;
				TARGETED_DEVICE_FAMILY = "1,2";
			};
			name = Release;
		};
/* End XCBuildConfiguration section */

/* Begin XCConfigurationList section */
		7DC05E632AA2311300820802 /* Build configuration list for PBXProject "AvitoTest" */ = {
			isa = XCConfigurationList;
			buildConfigurations = (
				7DC05E7A2AA2311500820802 /* Debug */,
				7DC05E7B2AA2311500820802 /* Release */,
			);
			defaultConfigurationIsVisible = 0;
			defaultConfigurationName = Release;
		};
		7DC05E7C2AA2311500820802 /* Build configuration list for PBXNativeTarget "AvitoTest" */ = {
			isa = XCConfigurationList;
			buildConfigurations = (
				7DC05E7D2AA2311500820802 /* Debug */,
				7DC05E7E2AA2311500820802 /* Release */,
			);
			defaultConfigurationIsVisible = 0;
			defaultConfigurationName = Release;
		};
/* End XCConfigurationList section */
	};
	rootObject = 7DC05E602AA2311300820802 /* Project object */;
}
